
Microsoft Visual Studio Solution File, Format Version 12.00
# Visual Studio Version 17
VisualStudioVersion = 17.14.36414.22 d17.14
MinimumVisualStudioVersion = 10.0.40219.1
Project("{8BC9CEB8-8B4A-11D0-8D11-00A0C91BC942}") = "codex", "CvGameCoreExpansion2.vcxproj", "{8D28F7E6-41A2-4B29-8B36-8C2A2C97C23B}"
EndProject
Global
	GlobalSection(SolutionConfigurationPlatforms) = preSolution
		Debug|x86 = Debug|x86
		Release|x86 = Release|x86
	EndGlobalSection
	GlobalSection(ProjectConfigurationPlatforms) = postSolution
		{8D28F7E6-41A2-4B29-8B36-8C2A2C97C23B}.Debug|x86.ActiveCfg = Debug|Win32
		{8D28F7E6-41A2-4B29-8B36-8C2A2C97C23B}.Debug|x86.Build.0 = Debug|Win32
		{8D28F7E6-41A2-4B29-8B36-8C2A2C97C23B}.Release|x86.ActiveCfg = Release|Win32
		{8D28F7E6-41A2-4B29-8B36-8C2A2C97C23B}.Release|x86.Build.0 = Release|Win32
	EndGlobalSection
	GlobalSection(SolutionProperties) = preSolution
		HideSolutionNode = FALSE
	EndGlobalSection
	GlobalSection(ExtensibilityGlobals) = postSolution
		SolutionGuid = {E299E872-AD1E-4B58-9DE9-B87FCCF20D59}
	EndGlobalSection
EndGlobal
